
Microsoft Visual Studio Solution File, Format Version 12.00
# Visual Studio Version 17
VisualStudioVersion = 17.3.32819.101
MinimumVisualStudioVersion = 10.0.40219.1
Project("{FAE04EC0-301F-11D3-BF4B-00C04F79EFBC}") = "NAMERP", "NAMERP\NAMERP.csproj", "{D8518114-607B-4C85-A8CE-1C6594A89593}"
EndProject
Global
	GlobalSection(SolutionConfigurationPlatforms) = preSolution
		Debug|Any CPU = Debug|Any CPU
		Release|Any CPU = Release|Any CPU
	EndGlobalSection
	GlobalSection(ProjectConfigurationPlatforms) = postSolution
		{D8518114-607B-4C85-A8CE-1C6594A89593}.Debug|Any CPU.ActiveCfg = Debug|Any CPU
		{D8518114-607B-4C85-A8CE-1C6594A89593}.Debug|Any CPU.Build.0 = Debug|Any CPU
		{D8518114-607B-4C85-A8CE-1C6594A89593}.Release|Any CPU.ActiveCfg = Release|Any CPU
		{D8518114-607B-4C85-A8CE-1C6594A89593}.Release|Any CPU.Build.0 = Release|Any CPU
	EndGlobalSection
	GlobalSection(SolutionProperties) = preSolution
		HideSolutionNode = FALSE
	EndGlobalSection
	GlobalSection(ExtensibilityGlobals) = postSolution
		SolutionGuid = {EB815D89-D044-4C08-A27E-55FE047B04E4}
	EndGlobalSection
EndGlobal
